{
  "version": 4,
  "terraform_version": "1.12.1",
  "serial": 10,
  "lineage": "5d76e403-3267-2500-4953-2b31be507e8e",
  "outputs": {
    "cluster_name": {
      "value": "gke-stage",
      "type": "string"
    },
    "endpoint": {
      "value": "34.69.210.93",
      "type": "string"
    },
    "master_version": {
      "value": "1.32.4-gke.1236007",
      "type": "string"
    }
  },
  "resources": [
    {
      "mode": "managed",
      "type": "google_container_cluster",
      "name": "primary",
      "provider": "provider[\"registry.terraform.io/hashicorp/google\"]",
      "instances": [
        {
          "schema_version": 2,
          "attributes": {
            "addons_config": [
              {
                "cloudrun_config": [],
                "config_connector_config": [],
                "dns_cache_config": [],
                "gce_persistent_disk_csi_driver_config": [
                  {
                    "enabled": true
                  }
                ],
                "gcp_filestore_csi_driver_config": [],
                "gcs_fuse_csi_driver_config": [],
                "gke_backup_agent_config": [],
                "horizontal_pod_autoscaling": [],
                "http_load_balancing": [],
                "network_policy_config": [
                  {
                    "disabled": true
                  }
                ],
                "ray_operator_config": [],
                "stateful_ha_config": []
              }
            ],
            "allow_net_admin": null,
            "authenticator_groups_config": [],
            "binary_authorization": [
              {
                "enabled": false,
                "evaluation_mode": ""
              }
            ],
            "cluster_autoscaling": [
              {
                "auto_provisioning_defaults": [],
                "auto_provisioning_locations": [],
                "autoscaling_profile": "BALANCED",
                "enabled": false,
                "resource_limits": []
              }
            ],
            "cluster_ipv4_cidr": "10.104.0.0/14",
            "confidential_nodes": [],
            "cost_management_config": [],
            "database_encryption": [
              {
                "key_name": "",
                "state": "DECRYPTED"
              }
            ],
            "datapath_provider": "",
            "default_max_pods_per_node": 110,
            "default_snat_status": [
              {
                "disabled": false
              }
            ],
            "deletion_protection": true,
            "description": "",
            "dns_config": [],
            "enable_autopilot": false,
            "enable_cilium_clusterwide_network_policy": false,
            "enable_intranode_visibility": false,
            "enable_k8s_beta_apis": [],
            "enable_kubernetes_alpha": false,
            "enable_l4_ilb_subsetting": false,
            "enable_legacy_abac": true,
            "enable_multi_networking": false,
            "enable_shielded_nodes": true,
            "enable_tpu": false,
            "endpoint": "34.69.210.93",
            "fleet": [],
            "gateway_api_config": [],
            "id": "projects/cluster-mensal-462916/locations/us-central1-a/clusters/gke-stage",
            "identity_service_config": [],
            "initial_node_count": 1,
            "ip_allocation_policy": [
              {
                "additional_pod_ranges_config": [],
                "cluster_ipv4_cidr_block": "10.104.0.0/14",
                "cluster_secondary_range_name": "gke-gke-stage-pods-28e8aaf1",
                "pod_cidr_overprovision_config": [
                  {
                    "disabled": false
                  }
                ],
                "services_ipv4_cidr_block": "34.118.224.0/20",
                "services_secondary_range_name": "",
                "stack_type": "IPV4"
              }
            ],
            "label_fingerprint": "a9dc16a7",
            "location": "us-central1-a",
            "logging_config": [
              {
                "enable_components": [
                  "SYSTEM_COMPONENTS",
                  "WORKLOADS"
                ]
              }
            ],
            "logging_service": "logging.googleapis.com/kubernetes",
            "maintenance_policy": [],
            "master_auth": [
              {
                "client_certificate": "",
                "client_certificate_config": [
                  {
                    "issue_client_certificate": false
                  }
                ],
                "client_key": "",
                "cluster_ca_certificate": "LS0tLS1CRUdJTiBDRVJUSUZJQ0FURS0tLS0tCk1JSUVMRENDQXBTZ0F3SUJBZ0lRQzNGOVFPODNnOTVpTEhKMWk2V2l6VEFOQmdrcWhraUc5dzBCQVFzRkFEQXYKTVMwd0t3WURWUVFERXlRNFlUTmlZbUl6TlMwNU1EQmhMVFJoWVRFdFlqQmxOaTAxWlRBNU1qWXpPRGMwTXpRdwpJQmNOTWpVd05qRTBNVFl4TWpVeVdoZ1BNakExTlRBMk1EY3hOekV5TlRKYU1DOHhMVEFyQmdOVkJBTVRKRGhoCk0ySmlZak0xTFRrd01HRXROR0ZoTVMxaU1HVTJMVFZsTURreU5qTTROelF6TkRDQ0FhSXdEUVlKS29aSWh2Y04KQVFFQkJRQURnZ0dQQURDQ0FZb0NnZ0dCQUxJd3ppV0lUSFRXd0UrMHQrNEVHTEMyTmdERHkvSythWXdIVThVYwpkU1BsbWw1T1pPWU5JdmhZdzczVXpORjFEcDVJdHBTOWkrREVJUm5RUU9ITVV5UklUem9OS3Z6bWtvajFEd1JnCmhoallZRXdDNlZSU21VOUR4SzVwOXYrR3FLSnU1cFJ0Mjh1OHVBZ2E4aGRzWG4xVTVPczFBbEVzQk1NSmdZMU4KTTh4Y1IwWkVxd1pzWGZQQVl3R2huRzdIdmhia3dmTU5qdld0ZFYrM1ZTM1JYWU8vdkFENHNtVW5QK2Z5aC9XcworNHM5SmZ3ZHd1R0I2eHU4cWZZWFNzZFBxa2xiR1o4Y3d0VHNNT1h3VkgvRW5XZURvY2FlQ1hkc3F5N3BqdEdVCm1OdnY5c2dieVdvL005YnVPRUJsRVRiaFJHdHVwYnpJUU9oNklsK1YrVFc0Q0oxOW5QQlhlSFRvLzBHandLeXQKdTRlSFdvN0xIQ3U5eTgvMWFXVmlOTUg3SERLalR1cTRUdHl6Q2VuMXVvd2VsYkZieVpFSnRGUGhRU3FEOGw5egpnODNEYWUrYVM0N2psWnRkRWN2NExXZUFUSDk0WmgwVDZlWUc5ZWJ2c2JHV3QxeHVZbDdOQTdFMk5PMjZ1S2NaCjZsYjEveTNNb2t5TEFOVDhjT3N4cENQc1h3SURBUUFCbzBJd1FEQU9CZ05WSFE4QkFmOEVCQU1DQWdRd0R3WUQKVlIwVEFRSC9CQVV3QXdFQi96QWRCZ05WSFE0RUZnUVVrTG51NlBCRk1XT2hEOFZWbHhodW9rWUlrVzR3RFFZSgpLb1pJaHZjTkFRRUxCUUFEZ2dHQkFHSS9rRFlBUjB2N0FCN1BZeHUvdkFaWldSaHQ5S1VaRlM5THdiNkdGd2kwCno3YVIyQmQ4Q1Z4Y25ESjlFTHZMZ1gzSVZ0UGg2K0xuMUJxUkVnZDE0Z0cyYmxnc3N6dFFzaTY3ZlNISW50UEwKVDZaZUh0SmROTWJIQUM4L3EvNWx4NmpmbGFuaUxvUjh1RzJRb0x2RWV0SmpOclNwR3FXaTNTZnVNYTM5amJWUQp1OHQ1eDVya1VFQ1NSdDJSQjNsRTFON2F2cFp6NkRpOGcvUkhCb2RrOGtNTGRaa3VGRDcrZFdhc04vSHNydUliCklqRVRUeUdHQTZPOEU4SlVQLzZ3emFZN3RQZkZiZnljcDRieUMzVm4zM2diYjVMMFlDc21pYllYRTlOMGI3SzEKYTN1VUdxV0krKzNUZEN1QVNlQ0NTa0lCYWRUd0szQWxkakQyeWJ1MlZNVnRIaFJSQkhCR0JJSm4rUWNHZmV3TApSVnJXTGNyS2tCaGJhTzRRZzJ5SjBQRjlST0pOY25XQVpCMmZlVGtoZ3hzS2ltRis1VlJEYUdwZlVEa3ZxNTVECjdZby9wc2xoYmZOYWc0Lzg3SDR5WUVLM1VCT2pmQnp1Z24zRU9QbFRtRlI1NUQ5MDJTQUl6cjUzSzVkbjVPQWoKS0xaUCtaaERPL0RwREUxbEJSYVdIQT09Ci0tLS0tRU5EIENFUlRJRklDQVRFLS0tLS0K"
              }
            ],
            "master_authorized_networks_config": [
              {
                "cidr_blocks": [
                  {
                    "cidr_block": "0.0.0.0/0",
                    "display_name": "All networks"
                  }
                ],
                "gcp_public_cidrs_access_enabled": true
              }
            ],
            "master_version": "1.32.4-gke.1236007",
            "mesh_certificates": [],
            "min_master_version": null,
            "monitoring_config": [
              {
                "advanced_datapath_observability_config": [
                  {
                    "enable_metrics": false,
                    "enable_relay": false,
                    "relay_mode": "DISABLED"
                  }
                ],
                "enable_components": [
                  "SYSTEM_COMPONENTS",
                  "JOBSET",
                  "STORAGE",
                  "HPA",
                  "POD",
                  "DAEMONSET",
                  "DEPLOYMENT",
                  "STATEFULSET",
                  "CADVISOR",
                  "KUBELET",
                  "DCGM"
                ],
                "managed_prometheus": [
                  {
                    "enabled": true
                  }
                ]
              }
            ],
            "monitoring_service": "monitoring.googleapis.com/kubernetes",
            "name": "gke-stage",
            "network": "projects/cluster-mensal-462916/global/networks/default",
            "network_policy": [
              {
                "enabled": false,
                "provider": "PROVIDER_UNSPECIFIED"
              }
            ],
            "networking_mode": "VPC_NATIVE",
            "node_config": [],
            "node_locations": [],
            "node_pool": [],
            "node_pool_auto_config": [
              {
                "network_tags": [],
                "node_kubelet_config": [
                  {
                    "insecure_kubelet_readonly_port_enabled": "FALSE"
                  }
                ],
                "resource_manager_tags": {}
              }
            ],
            "node_pool_defaults": [
              {
                "node_config_defaults": [
                  {
                    "containerd_config": [],
                    "insecure_kubelet_readonly_port_enabled": "FALSE",
                    "logging_variant": "DEFAULT"
                  }
                ]
              }
            ],
            "node_version": "1.32.4-gke.1236007",
            "notification_config": [
              {
                "pubsub": [
                  {
                    "enabled": false,
                    "filter": [],
                    "topic": ""
                  }
                ]
              }
            ],
            "operation": null,
            "private_cluster_config": [
              {
                "enable_private_endpoint": false,
                "enable_private_nodes": false,
                "master_global_access_config": [
                  {
                    "enabled": false
                  }
                ],
                "master_ipv4_cidr_block": "",
                "peering_name": "",
                "private_endpoint": "10.128.0.6",
                "private_endpoint_subnetwork": "",
                "public_endpoint": "34.69.210.93"
              }
            ],
            "private_ipv6_google_access": "",
            "project": "cluster-mensal-462916",
            "release_channel": [
              {
                "channel": "REGULAR"
              }
            ],
            "remove_default_node_pool": true,
            "resource_labels": null,
            "resource_usage_export_config": [],
            "security_posture_config": [
              {
                "mode": "BASIC",
                "vulnerability_mode": "VULNERABILITY_MODE_UNSPECIFIED"
              }
            ],
            "self_link": "https://container.googleapis.com/v1/projects/cluster-mensal-462916/zones/us-central1-a/clusters/gke-stage",
            "service_external_ips_config": [
              {
                "enabled": false
              }
            ],
            "services_ipv4_cidr": "34.118.224.0/20",
            "subnetwork": "projects/cluster-mensal-462916/regions/us-central1/subnetworks/default",
            "timeouts": null,
            "tpu_ipv4_cidr_block": "",
            "vertical_pod_autoscaling": [],
            "workload_identity_config": []
          },
          "sensitive_attributes": [
            [
              {
                "type": "get_attr",
                "value": "master_auth"
              },
              {
                "type": "index",
                "value": {
                  "value": 0,
                  "type": "number"
                }
              },
              {
                "type": "get_attr",
                "value": "client_key"
              }
            ]
          ],
          "identity_schema_version": 0,
          "private": "eyJlMmJmYjczMC1lY2FhLTExZTYtOGY4OC0zNDM2M2JjN2M0YzAiOnsiY3JlYXRlIjoyNDAwMDAwMDAwMDAwLCJkZWxldGUiOjI0MDAwMDAwMDAwMDAsInJlYWQiOjI0MDAwMDAwMDAwMDAsInVwZGF0ZSI6MzYwMDAwMDAwMDAwMH0sInNjaGVtYV92ZXJzaW9uIjoiMiJ9"
        }
      ]
    },
    {
      "mode": "managed",
      "type": "google_container_node_pool",
      "name": "primary_nodes",
      "provider": "provider[\"registry.terraform.io/hashicorp/google\"]",
      "instances": [
        {
          "schema_version": 1,
          "attributes": {
            "autoscaling": [],
            "cluster": "gke-stage",
            "id": "projects/cluster-mensal-462916/locations/us-central1-a/clusters/gke-stage/nodePools/primary-node-pool",
            "initial_node_count": 1,
            "instance_group_urls": [
              "https://www.googleapis.com/compute/v1/projects/cluster-mensal-462916/zones/us-central1-a/instanceGroupManagers/gke-gke-stage-primary-node-pool-6352ad68-grp"
            ],
            "location": "us-central1-a",
            "managed_instance_group_urls": [
              "https://www.googleapis.com/compute/v1/projects/cluster-mensal-462916/zones/us-central1-a/instanceGroups/gke-gke-stage-primary-node-pool-6352ad68-grp"
            ],
            "management": [
              {
                "auto_repair": true,
                "auto_upgrade": true
              }
            ],
            "max_pods_per_node": 110,
            "name": "primary-node-pool",
            "name_prefix": "",
            "network_config": [
              {
                "additional_node_network_configs": [],
                "additional_pod_network_configs": [],
                "create_pod_range": false,
                "enable_private_nodes": false,
                "network_performance_config": [],
                "pod_cidr_overprovision_config": [],
                "pod_ipv4_cidr_block": "10.104.0.0/14",
                "pod_range": "gke-gke-stage-pods-28e8aaf1"
              }
            ],
            "node_config": [
              {
                "advanced_machine_features": [],
                "boot_disk_kms_key": "",
                "confidential_nodes": [],
                "containerd_config": [],
                "disk_size_gb": 30,
                "disk_type": "pd-standard",
                "effective_taints": [],
                "enable_confidential_storage": false,
                "ephemeral_storage_local_ssd_config": [],
                "fast_socket": [],
                "gcfs_config": [],
                "guest_accelerator": [],
                "gvnic": [],
                "host_maintenance_policy": [],
                "image_type": "COS_CONTAINERD",
                "kubelet_config": [
                  {
                    "cpu_cfs_quota": false,
                    "cpu_cfs_quota_period": "",
                    "cpu_manager_policy": "",
                    "insecure_kubelet_readonly_port_enabled": "FALSE",
                    "pod_pids_limit": 0
                  }
                ],
                "labels": {},
                "linux_node_config": [],
                "local_nvme_ssd_block_config": [],
                "local_ssd_count": 0,
                "logging_variant": "DEFAULT",
                "machine_type": "e2-medium",
                "metadata": {
                  "disable-legacy-endpoints": "true"
                },
                "min_cpu_platform": "",
                "node_group": "",
                "oauth_scopes": [
                  "https://www.googleapis.com/auth/cloud-platform"
                ],
                "preemptible": false,
                "reservation_affinity": [],
                "resource_labels": {
                  "goog-gke-node-pool-provisioning-model": "on-demand"
                },
                "resource_manager_tags": null,
                "secondary_boot_disks": [],
                "service_account": "default",
                "shielded_instance_config": [
                  {
                    "enable_integrity_monitoring": true,
                    "enable_secure_boot": false
                  }
                ],
                "sole_tenant_config": [],
                "spot": false,
                "tags": null,
                "taint": [],
                "workload_metadata_config": []
              }
            ],
            "node_count": 1,
            "node_locations": [
              "us-central1-a"
            ],
            "operation": null,
            "placement_policy": [],
            "project": "cluster-mensal-462916",
            "queued_provisioning": [],
            "timeouts": null,
            "upgrade_settings": [
              {
                "blue_green_settings": [],
                "max_surge": 1,
                "max_unavailable": 0,
                "strategy": "SURGE"
              }
            ],
            "version": "1.32.4-gke.1236007"
          },
          "sensitive_attributes": [],
          "identity_schema_version": 0,
          "private": "eyJlMmJmYjczMC1lY2FhLTExZTYtOGY4OC0zNDM2M2JjN2M0YzAiOnsiY3JlYXRlIjoxODAwMDAwMDAwMDAwLCJkZWxldGUiOjE4MDAwMDAwMDAwMDAsInVwZGF0ZSI6MTgwMDAwMDAwMDAwMH0sInNjaGVtYV92ZXJzaW9uIjoiMSJ9",
          "dependencies": [
            "google_container_cluster.primary"
          ]
        }
      ]
    }
  ],
  "check_results": null
}
